// !$*UTF8*$!
{
	archiveVersion = 1;
	classes = {
	};
	objectVersion = 46;
	objects = {

/* Begin PBXBuildFile section */
		24343A271EC0A1E700921A1A /* AppDelegate.swift in Sources */ = {isa = PBXBuildFile; fileRef = 24343A261EC0A1E700921A1A /* AppDelegate.swift */; };
		24343A2C1EC0A1E700921A1A /* Main.storyboard in Resources */ = {isa = PBXBuildFile; fileRef = 24343A2A1EC0A1E700921A1A /* Main.storyboard */; };
		24343A2E1EC0A1E700921A1A /* Assets.xcassets in Resources */ = {isa = PBXBuildFile; fileRef = 24343A2D1EC0A1E700921A1A /* Assets.xcassets */; };
		24343A311EC0A1E700921A1A /* LaunchScreen.storyboard in Resources */ = {isa = PBXBuildFile; fileRef = 24343A2F1EC0A1E700921A1A /* LaunchScreen.storyboard */; };
		24343A3C1EC0A1E700921A1A /* ComponentForSwiftTests.swift in Sources */ = {isa = PBXBuildFile; fileRef = 24343A3B1EC0A1E700921A1A /* ComponentForSwiftTests.swift */; };
		24343A471EC0A1E700921A1A /* ComponentForSwiftUITests.swift in Sources */ = {isa = PBXBuildFile; fileRef = 24343A461EC0A1E700921A1A /* ComponentForSwiftUITests.swift */; };
		24343A571EC1566500921A1A /* CSMainViewController.swift in Sources */ = {isa = PBXBuildFile; fileRef = 24343A561EC1566500921A1A /* CSMainViewController.swift */; };
		24343A5B1EC15DBB00921A1A /* UIView+Frame.swift in Sources */ = {isa = PBXBuildFile; fileRef = 24343A5A1EC15DBB00921A1A /* UIView+Frame.swift */; };
		24343A5F1EC19BD200921A1A /* CSUILabelViewController.swift in Sources */ = {isa = PBXBuildFile; fileRef = 24343A5E1EC19BD200921A1A /* CSUILabelViewController.swift */; };
		24343A611EC19C6300921A1A /* CSUIViewViewController.swift in Sources */ = {isa = PBXBuildFile; fileRef = 24343A601EC19C6300921A1A /* CSUIViewViewController.swift */; };
		2486F8171ECEDC3A0039C6F5 /* CSEnumViewController.swift in Sources */ = {isa = PBXBuildFile; fileRef = 2486F8161ECEDC3A0039C6F5 /* CSEnumViewController.swift */; };
		2486F8191ECEECA80039C6F5 /* CSBaseViewController.swift in Sources */ = {isa = PBXBuildFile; fileRef = 2486F8181ECEECA80039C6F5 /* CSBaseViewController.swift */; };
/* End PBXBuildFile section */

/* Begin PBXContainerItemProxy section */
		24343A381EC0A1E700921A1A /* PBXContainerItemProxy */ = {
			isa = PBXContainerItemProxy;
			containerPortal = 24343A1B1EC0A1E600921A1A /* Project object */;
			proxyType = 1;
			remoteGlobalIDString = 24343A221EC0A1E600921A1A;
			remoteInfo = ComponentForSwift;
		};
		24343A431EC0A1E700921A1A /* PBXContainerItemProxy */ = {
			isa = PBXContainerItemProxy;
			containerPortal = 24343A1B1EC0A1E600921A1A /* Project object */;
			proxyType = 1;
			remoteGlobalIDString = 24343A221EC0A1E600921A1A;
			remoteInfo = ComponentForSwift;
		};
/* End PBXContainerItemProxy section */

/* Begin PBXFileReference section */
		24343A231EC0A1E600921A1A /* ComponentForSwift.app */ = {isa = PBXFileReference; explicitFileType = wrapper.application; includeInIndex = 0; path = ComponentForSwift.app; sourceTree = BUILT_PRODUCTS_DIR; };
		24343A261EC0A1E700921A1A /* AppDelegate.swift */ = {isa = PBXFileReference; lastKnownFileType = sourcecode.swift; path = AppDelegate.swift; sourceTree = "<group>"; };
		24343A2B1EC0A1E700921A1A /* Base */ = {isa = PBXFileReference; lastKnownFileType = file.storyboard; name = Base; path = Base.lproj/Main.storyboard; sourceTree = "<group>"; };
		24343A2D1EC0A1E700921A1A /* Assets.xcassets */ = {isa = PBXFileReference; lastKnownFileType = folder.assetcatalog; path = Assets.xcassets; sourceTree = "<group>"; };
		24343A301EC0A1E700921A1A /* Base */ = {isa = PBXFileReference; lastKnownFileType = file.storyboard; name = Base; path = Base.lproj/LaunchScreen.storyboard; sourceTree = "<group>"; };
		24343A321EC0A1E700921A1A /* Info.plist */ = {isa = PBXFileReference; lastKnownFileType = text.plist.xml; path = Info.plist; sourceTree = "<group>"; };
		24343A371EC0A1E700921A1A /* ComponentForSwiftTests.xctest */ = {isa = PBXFileReference; explicitFileType = wrapper.cfbundle; includeInIndex = 0; path = ComponentForSwiftTests.xctest; sourceTree = BUILT_PRODUCTS_DIR; };
		24343A3B1EC0A1E700921A1A /* ComponentForSwiftTests.swift */ = {isa = PBXFileReference; lastKnownFileType = sourcecode.swift; path = ComponentForSwiftTests.swift; sourceTree = "<group>"; };
		24343A3D1EC0A1E700921A1A /* Info.plist */ = {isa = PBXFileReference; lastKnownFileType = text.plist.xml; path = Info.plist; sourceTree = "<group>"; };
		24343A421EC0A1E700921A1A /* ComponentForSwiftUITests.xctest */ = {isa = PBXFileReference; explicitFileType = wrapper.cfbundle; includeInIndex = 0; path = ComponentForSwiftUITests.xctest; sourceTree = BUILT_PRODUCTS_DIR; };
		24343A461EC0A1E700921A1A /* ComponentForSwiftUITests.swift */ = {isa = PBXFileReference; lastKnownFileType = sourcecode.swift; path = ComponentForSwiftUITests.swift; sourceTree = "<group>"; };
		24343A481EC0A1E700921A1A /* Info.plist */ = {isa = PBXFileReference; lastKnownFileType = text.plist.xml; path = Info.plist; sourceTree = "<group>"; };
		24343A561EC1566500921A1A /* CSMainViewController.swift */ = {isa = PBXFileReference; fileEncoding = 4; lastKnownFileType = sourcecode.swift; path = CSMainViewController.swift; sourceTree = "<group>"; };
		24343A5A1EC15DBB00921A1A /* UIView+Frame.swift */ = {isa = PBXFileReference; fileEncoding = 4; lastKnownFileType = sourcecode.swift; path = "UIView+Frame.swift"; sourceTree = "<group>"; };
		24343A5E1EC19BD200921A1A /* CSUILabelViewController.swift */ = {isa = PBXFileReference; fileEncoding = 4; lastKnownFileType = sourcecode.swift; path = CSUILabelViewController.swift; sourceTree = "<group>"; };
		24343A601EC19C6300921A1A /* CSUIViewViewController.swift */ = {isa = PBXFileReference; fileEncoding = 4; lastKnownFileType = sourcecode.swift; path = CSUIViewViewController.swift; sourceTree = "<group>"; };
		2486F8161ECEDC3A0039C6F5 /* CSEnumViewController.swift */ = {isa = PBXFileReference; fileEncoding = 4; lastKnownFileType = sourcecode.swift; name = CSEnumViewController.swift; path = Extension/CSEnumViewController.swift; sourceTree = "<group>"; };
		2486F8181ECEECA80039C6F5 /* CSBaseViewController.swift */ = {isa = PBXFileReference; fileEncoding = 4; lastKnownFileType = sourcecode.swift; path = CSBaseViewController.swift; sourceTree = "<group>"; };
/* End PBXFileReference section */

/* Begin PBXFrameworksBuildPhase section */
		24343A201EC0A1E600921A1A /* Frameworks */ = {
			isa = PBXFrameworksBuildPhase;
			buildActionMask = 2147483647;
			files = (
			);
			runOnlyForDeploymentPostprocessing = 0;
		};
		24343A341EC0A1E700921A1A /* Frameworks */ = {
			isa = PBXFrameworksBuildPhase;
			buildActionMask = 2147483647;
			files = (
			);
			runOnlyForDeploymentPostprocessing = 0;
		};
		24343A3F1EC0A1E700921A1A /* Frameworks */ = {
			isa = PBXFrameworksBuildPhase;
			buildActionMask = 2147483647;
			files = (
			);
			runOnlyForDeploymentPostprocessing = 0;
		};
/* End PBXFrameworksBuildPhase section */

/* Begin PBXGroup section */
		24343A1A1EC0A1E600921A1A = {
			isa = PBXGroup;
			children = (
				24343A251EC0A1E700921A1A /* ComponentForSwift */,
				24343A3A1EC0A1E700921A1A /* ComponentForSwiftTests */,
				24343A451EC0A1E700921A1A /* ComponentForSwiftUITests */,
				24343A241EC0A1E600921A1A /* Products */,
			);
			sourceTree = "<group>";
		};
		24343A241EC0A1E600921A1A /* Products */ = {
			isa = PBXGroup;
			children = (
				24343A231EC0A1E600921A1A /* ComponentForSwift.app */,
				24343A371EC0A1E700921A1A /* ComponentForSwiftTests.xctest */,
				24343A421EC0A1E700921A1A /* ComponentForSwiftUITests.xctest */,
			);
			name = Products;
			sourceTree = "<group>";
		};
		24343A251EC0A1E700921A1A /* ComponentForSwift */ = {
			isa = PBXGroup;
			children = (
				24343A581EC15CAE00921A1A /* Extension */,
				24343A261EC0A1E700921A1A /* AppDelegate.swift */,
				24343A561EC1566500921A1A /* CSMainViewController.swift */,
				24343A601EC19C6300921A1A /* CSUIViewViewController.swift */,
				24343A5E1EC19BD200921A1A /* CSUILabelViewController.swift */,
				2486F8161ECEDC3A0039C6F5 /* CSEnumViewController.swift */,
				24343A2A1EC0A1E700921A1A /* Main.storyboard */,
				24343A2D1EC0A1E700921A1A /* Assets.xcassets */,
				24343A2F1EC0A1E700921A1A /* LaunchScreen.storyboard */,
				24343A321EC0A1E700921A1A /* Info.plist */,
				2486F8181ECEECA80039C6F5 /* CSBaseViewController.swift */,
			);
			path = ComponentForSwift;
			sourceTree = "<group>";
		};
		24343A3A1EC0A1E700921A1A /* ComponentForSwiftTests */ = {
			isa = PBXGroup;
			children = (
				24343A3B1EC0A1E700921A1A /* ComponentForSwiftTests.swift */,
				24343A3D1EC0A1E700921A1A /* Info.plist */,
			);
			path = ComponentForSwiftTests;
			sourceTree = "<group>";
		};
		24343A451EC0A1E700921A1A /* ComponentForSwiftUITests */ = {
			isa = PBXGroup;
			children = (
				24343A461EC0A1E700921A1A /* ComponentForSwiftUITests.swift */,
				24343A481EC0A1E700921A1A /* Info.plist */,
			);
			path = ComponentForSwiftUITests;
			sourceTree = "<group>";
		};
		24343A581EC15CAE00921A1A /* Extension */ = {
			isa = PBXGroup;
			children = (
				24343A591EC15CC000921A1A /* UIView */,
			);
			path = Extension;
			sourceTree = "<group>";
		};
		24343A591EC15CC000921A1A /* UIView */ = {
			isa = PBXGroup;
			children = (
				24343A5A1EC15DBB00921A1A /* UIView+Frame.swift */,
			);
			path = UIView;
			sourceTree = "<group>";
		};
/* End PBXGroup section */

/* Begin PBXNativeTarget section */
		24343A221EC0A1E600921A1A /* ComponentForSwift */ = {
			isa = PBXNativeTarget;
			buildConfigurationList = 24343A4B1EC0A1E700921A1A /* Build configuration list for PBXNativeTarget "ComponentForSwift" */;
			buildPhases = (
				24343A1F1EC0A1E600921A1A /* Sources */,
				24343A201EC0A1E600921A1A /* Frameworks */,
				24343A211EC0A1E600921A1A /* Resources */,
			);
			buildRules = (
			);
			dependencies = (
			);
			name = ComponentForSwift;
			productName = ComponentForSwift;
			productReference = 24343A231EC0A1E600921A1A /* ComponentForSwift.app */;
			productType = "com.apple.product-type.application";
		};
		24343A361EC0A1E700921A1A /* ComponentForSwiftTests */ = {
			isa = PBXNativeTarget;
			buildConfigurationList = 24343A4E1EC0A1E700921A1A /* Build configuration list for PBXNativeTarget "ComponentForSwiftTests" */;
			buildPhases = (
				24343A331EC0A1E700921A1A /* Sources */,
				24343A341EC0A1E700921A1A /* Frameworks */,
				24343A351EC0A1E700921A1A /* Resources */,
			);
			buildRules = (
			);
			dependencies = (
				24343A391EC0A1E700921A1A /* PBXTargetDependency */,
			);
			name = ComponentForSwiftTests;
			productName = ComponentForSwiftTests;
			productReference = 24343A371EC0A1E700921A1A /* ComponentForSwiftTests.xctest */;
			productType = "com.apple.product-type.bundle.unit-test";
		};
		24343A411EC0A1E700921A1A /* ComponentForSwiftUITests */ = {
			isa = PBXNativeTarget;
			buildConfigurationList = 24343A511EC0A1E700921A1A /* Build configuration list for PBXNativeTarget "ComponentForSwiftUITests" */;
			buildPhases = (
				24343A3E1EC0A1E700921A1A /* Sources */,
				24343A3F1EC0A1E700921A1A /* Frameworks */,
				24343A401EC0A1E700921A1A /* Resources */,
			);
			buildRules = (
			);
			dependencies = (
				24343A441EC0A1E700921A1A /* PBXTargetDependency */,
			);
			name = ComponentForSwiftUITests;
			productName = ComponentForSwiftUITests;
			productReference = 24343A421EC0A1E700921A1A /* ComponentForSwiftUITests.xctest */;
			productType = "com.apple.product-type.bundle.ui-testing";
		};
/* End PBXNativeTarget section */

/* Begin PBXProject section */
		24343A1B1EC0A1E600921A1A /* Project object */ = {
			isa = PBXProject;
			attributes = {
				LastSwiftUpdateCheck = 0830;
				LastUpgradeCheck = 0830;
				ORGANIZATIONNAME = Orange;
				TargetAttributes = {
					24343A221EC0A1E600921A1A = {
						CreatedOnToolsVersion = 8.3;
						DevelopmentTeam = TWQKYFS896;
						ProvisioningStyle = Automatic;
					};
					24343A361EC0A1E700921A1A = {
						CreatedOnToolsVersion = 8.3;
						DevelopmentTeam = TWQKYFS896;
						ProvisioningStyle = Automatic;
						TestTargetID = 24343A221EC0A1E600921A1A;
					};
					24343A411EC0A1E700921A1A = {
						CreatedOnToolsVersion = 8.3;
						DevelopmentTeam = TWQKYFS896;
						ProvisioningStyle = Automatic;
						TestTargetID = 24343A221EC0A1E600921A1A;
					};
				};
			};
			buildConfigurationList = 24343A1E1EC0A1E600921A1A /* Build configuration list for PBXProject "ComponentForSwift" */;
			compatibilityVersion = "Xcode 3.2";
			developmentRegion = English;
			hasScannedForEncodings = 0;
			knownRegions = (
				en,
				Base,
			);
			mainGroup = 24343A1A1EC0A1E600921A1A;
			productRefGroup = 24343A241EC0A1E600921A1A /* Products */;
			projectDirPath = "";
			projectRoot = "";
			targets = (
				24343A221EC0A1E600921A1A /* ComponentForSwift */,
				24343A361EC0A1E700921A1A /* ComponentForSwiftTests */,
				24343A411EC0A1E700921A1A /* ComponentForSwiftUITests */,
			);
		};
/* End PBXProject section */

/* Begin PBXResourcesBuildPhase section */
		24343A211EC0A1E600921A1A /* Resources */ = {
			isa = PBXResourcesBuildPhase;
			buildActionMask = 2147483647;
			files = (
				24343A311EC0A1E700921A1A /* LaunchScreen.storyboard in Resources */,
				24343A2E1EC0A1E700921A1A /* Assets.xcassets in Resources */,
				24343A2C1EC0A1E700921A1A /* Main.storyboard in Resources */,
			);
			runOnlyForDeploymentPostprocessing = 0;
		};
		24343A351EC0A1E700921A1A /* Resources */ = {
			isa = PBXResourcesBuildPhase;
			buildActionMask = 2147483647;
			files = (
			);
			runOnlyForDeploymentPostprocessing = 0;
		};
		24343A401EC0A1E700921A1A /* Resources */ = {
			isa = PBXResourcesBuildPhase;
			buildActionMask = 2147483647;
			files = (
			);
			runOnlyForDeploymentPostprocessing = 0;
		};
/* End PBXResourcesBuildPhase section */

/* Begin PBXSourcesBuildPhase section */
		24343A1F1EC0A1E600921A1A /* Sources */ = {
			isa = PBXSourcesBuildPhase;
			buildActionMask = 2147483647;
			files = (
				24343A611EC19C6300921A1A /* CSUIViewViewController.swift in Sources */,
				24343A5F1EC19BD200921A1A /* CSUILabelViewController.swift in Sources */,
				24343A271EC0A1E700921A1A /* AppDelegate.swift in Sources */,
				2486F8191ECEECA80039C6F5 /* CSBaseViewController.swift in Sources */,
				2486F8171ECEDC3A0039C6F5 /* CSEnumViewController.swift in Sources */,
				24343A571EC1566500921A1A /* CSMainViewController.swift in Sources */,
				24343A5B1EC15DBB00921A1A /* UIView+Frame.swift in Sources */,
			);
			runOnlyForDeploymentPostprocessing = 0;
		};
		24343A331EC0A1E700921A1A /* Sources */ = {
			isa = PBXSourcesBuildPhase;
			buildActionMask = 2147483647;
			files = (
				24343A3C1EC0A1E700921A1A /* ComponentForSwiftTests.swift in Sources */,
			);
			runOnlyForDeploymentPostprocessing = 0;
		};
		24343A3E1EC0A1E700921A1A /* Sources */ = {
			isa = PBXSourcesBuildPhase;
			buildActionMask = 2147483647;
			files = (
				24343A471EC0A1E700921A1A /* ComponentForSwiftUITests.swift in Sources */,
			);
			runOnlyForDeploymentPostprocessing = 0;
		};
/* End PBXSourcesBuildPhase section */

/* Begin PBXTargetDependency section */
		24343A391EC0A1E700921A1A /* PBXTargetDependency */ = {
			isa = PBXTargetDependency;
			target = 24343A221EC0A1E600921A1A /* ComponentForSwift */;
			targetProxy = 24343A381EC0A1E700921A1A /* PBXContainerItemProxy */;
		};
		24343A441EC0A1E700921A1A /* PBXTargetDependency */ = {
			isa = PBXTargetDependency;
			target = 24343A221EC0A1E600921A1A /* ComponentForSwift */;
			targetProxy = 24343A431EC0A1E700921A1A /* PBXContainerItemProxy */;
		};
/* End PBXTargetDependency section */

/* Begin PBXVariantGroup section */
		24343A2A1EC0A1E700921A1A /* Main.storyboard */ = {
			isa = PBXVariantGroup;
			children = (
				24343A2B1EC0A1E700921A1A /* Base */,
			);
			name = Main.storyboard;
			sourceTree = "<group>";
		};
		24343A2F1EC0A1E700921A1A /* LaunchScreen.storyboard */ = {
			isa = PBXVariantGroup;
			children = (
				24343A301EC0A1E700921A1A /* Base */,
			);
			name = LaunchScreen.storyboard;
			sourceTree = "<group>";
		};
/* End PBXVariantGroup section */

/* Begin XCBuildConfiguration section */
		24343A491EC0A1E700921A1A /* Debug */ = {
			isa = XCBuildConfiguration;
			buildSettings = {
				ALWAYS_SEARCH_USER_PATHS = NO;
				CLANG_ANALYZER_NONNULL = YES;
				CLANG_ANALYZER_NUMBER_OBJECT_CONVERSION = YES_AGGRESSIVE;
				CLANG_CXX_LANGUAGE_STANDARD = "gnu++0x";
				CLANG_CXX_LIBRARY = "libc++";
				CLANG_ENABLE_MODULES = YES;
				CLANG_ENABLE_OBJC_ARC = YES;
				CLANG_WARN_BOOL_CONVERSION = YES;
				CLANG_WARN_CONSTANT_CONVERSION = YES;
				CLANG_WARN_DIRECT_OBJC_ISA_USAGE = YES_ERROR;
				CLANG_WARN_DOCUMENTATION_COMMENTS = YES;
				CLANG_WARN_EMPTY_BODY = YES;
				CLANG_WARN_ENUM_CONVERSION = YES;
				CLANG_WARN_INFINITE_RECURSION = YES;
				CLANG_WARN_INT_CONVERSION = YES;
				CLANG_WARN_OBJC_ROOT_CLASS = YES_ERROR;
				CLANG_WARN_SUSPICIOUS_MOVE = YES;
				CLANG_WARN_UNREACHABLE_CODE = YES;
				CLANG_WARN__DUPLICATE_METHOD_MATCH = YES;
				"CODE_SIGN_IDENTITY[sdk=iphoneos*]" = "iPhone Developer";
				COPY_PHASE_STRIP = NO;
				DEBUG_INFORMATION_FORMAT = dwarf;
				ENABLE_STRICT_OBJC_MSGSEND = YES;
				ENABLE_TESTABILITY = YES;
				GCC_C_LANGUAGE_STANDARD = gnu99;
				GCC_DYNAMIC_NO_PIC = NO;
				GCC_NO_COMMON_BLOCKS = YES;
				GCC_OPTIMIZATION_LEVEL = 0;
				GCC_PREPROCESSOR_DEFINITIONS = (
					"DEBUG=1",
					"$(inherited)",
				);
				GCC_WARN_64_TO_32_BIT_CONVERSION = YES;
				GCC_WARN_ABOUT_RETURN_TYPE = YES_ERROR;
				GCC_WARN_UNDECLARED_SELECTOR = YES;
				GCC_WARN_UNINITIALIZED_AUTOS = YES_AGGRESSIVE;
				GCC_WARN_UNUSED_FUNCTION = YES;
				GCC_WARN_UNUSED_VARIABLE = YES;
				IPHONEOS_DEPLOYMENT_TARGET = 10.3;
				MTL_ENABLE_DEBUG_INFO = YES;
				ONLY_ACTIVE_ARCH = YES;
				SDKROOT = iphoneos;
				SWIFT_ACTIVE_COMPILATION_CONDITIONS = DEBUG;
				SWIFT_OPTIMIZATION_LEVEL = "-Onone";
			};
			name = Debug;
		};
		24343A4A1EC0A1E700921A1A /* Release */ = {
			isa = XCBuildConfiguration;
			buildSettings = {
				ALWAYS_SEARCH_USER_PATHS = NO;
				CLANG_ANALYZER_NONNULL = YES;
				CLANG_ANALYZER_NUMBER_OBJECT_CONVERSION = YES_AGGRESSIVE;
				CLANG_CXX_LANGUAGE_STANDARD = "gnu++0x";
				CLANG_CXX_LIBRARY = "libc++";
				CLANG_ENABLE_MODULES = YES;
				CLANG_ENABLE_OBJC_ARC = YES;
				CLANG_WARN_BOOL_CONVERSION = YES;
				CLANG_WARN_CONSTANT_CONVERSION = YES;
				CLANG_WARN_DIRECT_OBJC_ISA_USAGE = YES_ERROR;
				CLANG_WARN_DOCUMENTATION_COMMENTS = YES;
				CLANG_WARN_EMPTY_BODY = YES;
				CLANG_WARN_ENUM_CONVERSION = YES;
				CLANG_WARN_INFINITE_RECURSION = YES;
				CLANG_WARN_INT_CONVERSION = YES;
				CLANG_WARN_OBJC_ROOT_CLASS = YES_ERROR;
				CLANG_WARN_SUSPICIOUS_MOVE = YES;
				CLANG_WARN_UNREACHABLE_CODE = YES;
				CLANG_WARN__DUPLICATE_METHOD_MATCH = YES;
				"CODE_SIGN_IDENTITY[sdk=iphoneos*]" = "iPhone Developer";
				COPY_PHASE_STRIP = NO;
				DEBUG_INFORMATION_FORMAT = "dwarf-with-dsym";
				ENABLE_NS_ASSERTIONS = NO;
				ENABLE_STRICT_OBJC_MSGSEND = YES;
				GCC_C_LANGUAGE_STANDARD = gnu99;
				GCC_NO_COMMON_BLOCKS = YES;
				GCC_WARN_64_TO_32_BIT_CONVERSION = YES;
				GCC_WARN_ABOUT_RETURN_TYPE = YES_ERROR;
				GCC_WARN_UNDECLARED_SELECTOR = YES;
				GCC_WARN_UNINITIALIZED_AUTOS = YES_AGGRESSIVE;
				GCC_WARN_UNUSED_FUNCTION = YES;
				GCC_WARN_UNUSED_VARIABLE = YES;
				IPHONEOS_DEPLOYMENT_TARGET = 10.3;
				MTL_ENABLE_DEBUG_INFO = NO;
				SDKROOT = iphoneos;
				SWIFT_OPTIMIZATION_LEVEL = "-Owholemodule";
				VALIDATE_PRODUCT = YES;
			};
			name = Release;
		};
		24343A4C1EC0A1E700921A1A /* Debug */ = {
			isa = XCBuildConfiguration;
			buildSettings = {
				ASSETCATALOG_COMPILER_APPICON_NAME = AppIcon;
				DEVELOPMENT_TEAM = TWQKYFS896;
				INFOPLIST_FILE = ComponentForSwift/Info.plist;
				LD_RUNPATH_SEARCH_PATHS = "$(inherited) @executable_path/Frameworks";
				PRODUCT_BUNDLE_IDENTIFIER = com.sujia.ComponentForSwift;
				PRODUCT_NAME = "$(TARGET_NAME)";
				SWIFT_VERSION = 3.0;
			};
			name = Debug;
		};
		24343A4D1EC0A1E700921A1A /* Release */ = {
			isa = XCBuildConfiguration;
			buildSettings = {
				ASSETCATALOG_COMPILER_APPICON_NAME = AppIcon;
				DEVELOPMENT_TEAM = TWQKYFS896;
				INFOPLIST_FILE = ComponentForSwift/Info.plist;
				LD_RUNPATH_SEARCH_PATHS = "$(inherited) @executable_path/Frameworks";
				PRODUCT_BUNDLE_IDENTIFIER = com.sujia.ComponentForSwift;
				PRODUCT_NAME = "$(TARGET_NAME)";
				SWIFT_VERSION = 3.0;
			};
			name = Release;
		};
		24343A4F1EC0A1E700921A1A /* Debug */ = {
			isa = XCBuildConfiguration;
			buildSettings = {
				ALWAYS_EMBED_SWIFT_STANDARD_LIBRARIES = YES;
				BUNDLE_LOADER = "$(TEST_HOST)";
				DEVELOPMENT_TEAM = TWQKYFS896;
				INFOPLIST_FILE = ComponentForSwiftTests/Info.plist;
				LD_RUNPATH_SEARCH_PATHS = "$(inherited) @executable_path/Frameworks @loader_path/Frameworks";
				PRODUCT_BUNDLE_IDENTIFIER = com.sujia.ComponentForSwiftTests;
				PRODUCT_NAME = "$(TARGET_NAME)";
				SWIFT_VERSION = 3.0;
				TEST_HOST = "$(BUILT_PRODUCTS_DIR)/ComponentForSwift.app/ComponentForSwift";
			};
			name = Debug;
		};
		24343A501EC0A1E700921A1A /* Release */ = {
			isa = XCBuildConfiguration;
			buildSettings = {
				ALWAYS_EMBED_SWIFT_STANDARD_LIBRARIES = YES;
				BUNDLE_LOADER = "$(TEST_HOST)";
				DEVELOPMENT_TEAM = TWQKYFS896;
				INFOPLIST_FILE = ComponentForSwiftTests/Info.plist;
				LD_RUNPATH_SEARCH_PATHS = "$(inherited) @executable_path/Frameworks @loader_path/Frameworks";
				PRODUCT_BUNDLE_IDENTIFIER = com.sujia.ComponentForSwiftTests;
				PRODUCT_NAME = "$(TARGET_NAME)";
				SWIFT_VERSION = 3.0;
				TEST_HOST = "$(BUILT_PRODUCTS_DIR)/ComponentForSwift.app/ComponentForSwift";
			};
			name = Release;
		};
		24343A521EC0A1E700921A1A /* Debug */ = {
			isa = XCBuildConfiguration;
			buildSettings = {
				ALWAYS_EMBED_SWIFT_STANDARD_LIBRARIES = YES;
				DEVELOPMENT_TEAM = TWQKYFS896;
				INFOPLIST_FILE = ComponentForSwiftUITests/Info.plist;
				LD_RUNPATH_SEARCH_PATHS = "$(inherited) @executable_path/Frameworks @loader_path/Frameworks";
				PRODUCT_BUNDLE_IDENTIFIER = com.sujia.ComponentForSwiftUITests;
				PRODUCT_NAME = "$(TARGET_NAME)";
				SWIFT_VERSION = 3.0;
				TEST_TARGET_NAME = ComponentForSwift;
			};
			name = Debug;
		};
		24343A531EC0A1E700921A1A /* Release */ = {
			isa = XCBuildConfiguration;
			buildSettings = {
				ALWAYS_EMBED_SWIFT_STANDARD_LIBRARIES = YES;
				DEVELOPMENT_TEAM = TWQKYFS896;
				INFOPLIST_FILE = ComponentForSwiftUITests/Info.plist;
				LD_RUNPATH_SEARCH_PATHS = "$(inherited) @executable_path/Frameworks @loader_path/Frameworks";
				PRODUCT_BUNDLE_IDENTIFIER = com.sujia.ComponentForSwiftUITests;
				PRODUCT_NAME = "$(TARGET_NAME)";
				SWIFT_VERSION = 3.0;
				TEST_TARGET_NAME = ComponentForSwift;
			};
			name = Release;
		};
/* End XCBuildConfiguration section */

/* Begin XCConfigurationList section */
		24343A1E1EC0A1E600921A1A /* Build configuration list for PBXProject "ComponentForSwift" */ = {
			isa = XCConfigurationList;
			buildConfigurations = (
				24343A491EC0A1E700921A1A /* Debug */,
				24343A4A1EC0A1E700921A1A /* Release */,
			);
			defaultConfigurationIsVisible = 0;
			defaultConfigurationName = Release;
		};
		24343A4B1EC0A1E700921A1A /* Build configuration list for PBXNativeTarget "ComponentForSwift" */ = {
			isa = XCConfigurationList;
			buildConfigurations = (
				24343A4C1EC0A1E700921A1A /* Debug */,
				24343A4D1EC0A1E700921A1A /* Release */,
			);
			defaultConfigurationIsVisible = 0;
			defaultConfigurationName = Release;
		};
		24343A4E1EC0A1E700921A1A /* Build configuration list for PBXNativeTarget "ComponentForSwiftTests" */ = {
			isa = XCConfigurationList;
			buildConfigurations = (
				24343A4F1EC0A1E700921A1A /* Debug */,
				24343A501EC0A1E700921A1A /* Release */,
			);
			defaultConfigurationIsVisible = 0;
			defaultConfigurationName = Release;
		};
		24343A511EC0A1E700921A1A /* Build configuration list for PBXNativeTarget "ComponentForSwiftUITests" */ = {
			isa = XCConfigurationList;
			buildConfigurations = (
				24343A521EC0A1E700921A1A /* Debug */,
				24343A531EC0A1E700921A1A /* Release */,
			);
			defaultConfigurationIsVisible = 0;
			defaultConfigurationName = Release;
		};
/* End XCConfigurationList section */
	};
	rootObject = 24343A1B1EC0A1E600921A1A /* Project object */;
}
